// !$*UTF8*$!
{
	archiveVersion = 1;
	classes = {
	};
	objectVersion = 51;
	objects = {

/* Begin PBXBuildFile section */
		0A9FD7E72441753B00A6B4D8 /* AppDelegate.swift in Sources */ = {isa = PBXBuildFile; fileRef = 0A9FD7E62441753B00A6B4D8 /* AppDelegate.swift */; };
		0A9FD7EB2441753B00A6B4D8 /* ViewController.swift in Sources */ = {isa = PBXBuildFile; fileRef = 0A9FD7EA2441753B00A6B4D8 /* ViewController.swift */; };
		0A9FD7F02441753E00A6B4D8 /* Assets.xcassets in Resources */ = {isa = PBXBuildFile; fileRef = 0A9FD7EF2441753E00A6B4D8 /* Assets.xcassets */; };
		0A9FD7F32441753E00A6B4D8 /* LaunchScreen.storyboard in Resources */ = {isa = PBXBuildFile; fileRef = 0A9FD7F12441753E00A6B4D8 /* LaunchScreen.storyboard */; };
		0A9FD8092441782300A6B4D8 /* Localizable.strings in Resources */ = {isa = PBXBuildFile; fileRef = 0A9FD8052441782300A6B4D8 /* Localizable.strings */; };
		0A9FD80A2441782300A6B4D8 /* InfoPlist.strings in Resources */ = {isa = PBXBuildFile; fileRef = 0A9FD8072441782300A6B4D8 /* InfoPlist.strings */; };
		0A9FD84B24417E6600A6B4D8 /* NotificationService.swift in Sources */ = {isa = PBXBuildFile; fileRef = 0A9FD84A24417E6600A6B4D8 /* NotificationService.swift */; };
		0A9FD84F24417E6600A6B4D8 /* Notifications.appex in Embed App Extensions */ = {isa = PBXBuildFile; fileRef = 0A9FD84824417E6600A6B4D8 /* Notifications.appex */; settings = {ATTRIBUTES = (RemoveHeadersOnCopy, ); }; };
		0A9FD85524417F1500A6B4D8 /* Config.swift in Sources */ = {isa = PBXBuildFile; fileRef = 0A9FD85424417F1500A6B4D8 /* Config.swift */; };
		0A9FD85924417F1500A6B4D8 /* Config.swift in Sources */ = {isa = PBXBuildFile; fileRef = 0A9FD85424417F1500A6B4D8 /* Config.swift */; };
		0A9FD86724418BC400A6B4D8 /* ConfigProperty.swift in Sources */ = {isa = PBXBuildFile; fileRef = 0A9FD86624418BC400A6B4D8 /* ConfigProperty.swift */; };
		0A9FD86B24418BC400A6B4D8 /* ConfigProperty.swift in Sources */ = {isa = PBXBuildFile; fileRef = 0A9FD86624418BC400A6B4D8 /* ConfigProperty.swift */; };
		0A9FD86C24418D4000A6B4D8 /* Config.plist in Resources */ = {isa = PBXBuildFile; fileRef = 0A9FD85E24417FEB00A6B4D8 /* Config.plist */; };
		E417216E3ADFB4C3AEDE4008 /* Pods_ConfigDemo.framework in Frameworks */ = {isa = PBXBuildFile; fileRef = 885ACF1426A745560BCA8797 /* Pods_ConfigDemo.framework */; };
/* End PBXBuildFile section */

/* Begin PBXContainerItemProxy section */
		0A9FD84D24417E6600A6B4D8 /* PBXContainerItemProxy */ = {
			isa = PBXContainerItemProxy;
			containerPortal = 0A9FD7DB2441753A00A6B4D8 /* Project object */;
			proxyType = 1;
			remoteGlobalIDString = 0A9FD84724417E6600A6B4D8;
			remoteInfo = Notifications;
		};
/* End PBXContainerItemProxy section */

/* Begin PBXCopyFilesBuildPhase section */
		0A9FD85324417E6600A6B4D8 /* Embed App Extensions */ = {
			isa = PBXCopyFilesBuildPhase;
			buildActionMask = 2147483647;
			dstPath = "";
			dstSubfolderSpec = 13;
			files = (
				0A9FD84F24417E6600A6B4D8 /* Notifications.appex in Embed App Extensions */,
			);
			name = "Embed App Extensions";
			runOnlyForDeploymentPostprocessing = 0;
		};
/* End PBXCopyFilesBuildPhase section */

/* Begin PBXFileReference section */
		0A9FD7E32441753B00A6B4D8 /* ConfigDemo.app */ = {isa = PBXFileReference; explicitFileType = wrapper.application; includeInIndex = 0; path = ConfigDemo.app; sourceTree = BUILT_PRODUCTS_DIR; };
		0A9FD7E62441753B00A6B4D8 /* AppDelegate.swift */ = {isa = PBXFileReference; lastKnownFileType = sourcecode.swift; path = AppDelegate.swift; sourceTree = "<group>"; };
		0A9FD7EA2441753B00A6B4D8 /* ViewController.swift */ = {isa = PBXFileReference; lastKnownFileType = sourcecode.swift; path = ViewController.swift; sourceTree = "<group>"; };
		0A9FD7EF2441753E00A6B4D8 /* Assets.xcassets */ = {isa = PBXFileReference; lastKnownFileType = folder.assetcatalog; path = Assets.xcassets; sourceTree = "<group>"; };
		0A9FD7F22441753E00A6B4D8 /* Base */ = {isa = PBXFileReference; lastKnownFileType = file.storyboard; name = Base; path = Base.lproj/LaunchScreen.storyboard; sourceTree = "<group>"; };
		0A9FD7F42441753E00A6B4D8 /* ConfigDemo-Info.plist */ = {isa = PBXFileReference; lastKnownFileType = text.plist.xml; path = "ConfigDemo-Info.plist"; sourceTree = "<group>"; };
		0A9FD8062441782300A6B4D8 /* en */ = {isa = PBXFileReference; lastKnownFileType = text.plist.strings; name = en; path = en.lproj/Localizable.strings; sourceTree = "<group>"; };
		0A9FD8082441782300A6B4D8 /* en */ = {isa = PBXFileReference; lastKnownFileType = text.plist.strings; name = en; path = en.lproj/InfoPlist.strings; sourceTree = "<group>"; };
		0A9FD80B244178E200A6B4D8 /* App-Bridging-Header.h */ = {isa = PBXFileReference; lastKnownFileType = sourcecode.c.h; path = "App-Bridging-Header.h"; sourceTree = "<group>"; };
		0A9FD84824417E6600A6B4D8 /* Notifications.appex */ = {isa = PBXFileReference; explicitFileType = "wrapper.app-extension"; includeInIndex = 0; path = Notifications.appex; sourceTree = BUILT_PRODUCTS_DIR; };
		0A9FD84A24417E6600A6B4D8 /* NotificationService.swift */ = {isa = PBXFileReference; lastKnownFileType = sourcecode.swift; path = NotificationService.swift; sourceTree = "<group>"; };
		0A9FD84C24417E6600A6B4D8 /* Info.plist */ = {isa = PBXFileReference; lastKnownFileType = text.plist.xml; path = Info.plist; sourceTree = "<group>"; };
		0A9FD85424417F1500A6B4D8 /* Config.swift */ = {isa = PBXFileReference; lastKnownFileType = sourcecode.swift; path = Config.swift; sourceTree = "<group>"; };
		0A9FD85E24417FEB00A6B4D8 /* Config.plist */ = {isa = PBXFileReference; fileEncoding = 4; lastKnownFileType = text.plist.xml; path = Config.plist; sourceTree = "<group>"; };
		0A9FD86624418BC400A6B4D8 /* ConfigProperty.swift */ = {isa = PBXFileReference; lastKnownFileType = sourcecode.swift; path = ConfigProperty.swift; sourceTree = "<group>"; };
		21F19971F9CE5831343961DC /* Pods-ConfigDemo.release.xcconfig */ = {isa = PBXFileReference; includeInIndex = 1; lastKnownFileType = text.xcconfig; name = "Pods-ConfigDemo.release.xcconfig"; path = "Target Support Files/Pods-ConfigDemo/Pods-ConfigDemo.release.xcconfig"; sourceTree = "<group>"; };
		885ACF1426A745560BCA8797 /* Pods_ConfigDemo.framework */ = {isa = PBXFileReference; explicitFileType = wrapper.framework; includeInIndex = 0; path = Pods_ConfigDemo.framework; sourceTree = BUILT_PRODUCTS_DIR; };
		E99C551D70D4DFA7AA7E573E /* Pods-ConfigDemo.debug.xcconfig */ = {isa = PBXFileReference; includeInIndex = 1; lastKnownFileType = text.xcconfig; name = "Pods-ConfigDemo.debug.xcconfig"; path = "Target Support Files/Pods-ConfigDemo/Pods-ConfigDemo.debug.xcconfig"; sourceTree = "<group>"; };
/* End PBXFileReference section */

/* Begin PBXFrameworksBuildPhase section */
		0A9FD7E02441753B00A6B4D8 /* Frameworks */ = {
			isa = PBXFrameworksBuildPhase;
			buildActionMask = 2147483647;
			files = (
				E417216E3ADFB4C3AEDE4008 /* Pods_ConfigDemo.framework in Frameworks */,
			);
			runOnlyForDeploymentPostprocessing = 0;
		};
		0A9FD84524417E6600A6B4D8 /* Frameworks */ = {
			isa = PBXFrameworksBuildPhase;
			buildActionMask = 2147483647;
			files = (
			);
			runOnlyForDeploymentPostprocessing = 0;
		};
/* End PBXFrameworksBuildPhase section */

/* Begin PBXGroup section */
		0A9FD7DA2441753A00A6B4D8 = {
			isa = PBXGroup;
			children = (
				0A9FD7E52441753B00A6B4D8 /* ConfigDemo */,
				0A9FD84924417E6600A6B4D8 /* Notifications */,
				0A9FD7E42441753B00A6B4D8 /* Products */,
				4BE10323677FE29350B6C7FA /* Pods */,
				D216D8350ACD06710CE0EC21 /* Frameworks */,
			);
			sourceTree = "<group>";
		};
		0A9FD7E42441753B00A6B4D8 /* Products */ = {
			isa = PBXGroup;
			children = (
				0A9FD7E32441753B00A6B4D8 /* ConfigDemo.app */,
				0A9FD84824417E6600A6B4D8 /* Notifications.appex */,
			);
			name = Products;
			sourceTree = "<group>";
		};
		0A9FD7E52441753B00A6B4D8 /* ConfigDemo */ = {
			isa = PBXGroup;
			children = (
				0A9FD7FA2441775300A6B4D8 /* App */,
				0A9FD803244177EC00A6B4D8 /* Dependencies */,
				0A9FD7FD2441779100A6B4D8 /* Models */,
				0A9FD7FB2441776400A6B4D8 /* Modules */,
				0A9FD802244177C800A6B4D8 /* Other-sources */,
				0A9FD7FC2441776E00A6B4D8 /* Resources */,
				0A9FD7FF244177A300A6B4D8 /* Services */,
				0A9FD7FE2441779C00A6B4D8 /* UI */,
			);
			path = ConfigDemo;
			sourceTree = "<group>";
		};
		0A9FD7FA2441775300A6B4D8 /* App */ = {
			isa = PBXGroup;
			children = (
				0A9FD7E62441753B00A6B4D8 /* AppDelegate.swift */,
			);
			path = App;
			sourceTree = "<group>";
		};
		0A9FD7FB2441776400A6B4D8 /* Modules */ = {
			isa = PBXGroup;
			children = (
				0A9FD7EA2441753B00A6B4D8 /* ViewController.swift */,
			);
			path = Modules;
			sourceTree = "<group>";
		};
		0A9FD7FC2441776E00A6B4D8 /* Resources */ = {
			isa = PBXGroup;
			children = (
				0A9FD85E24417FEB00A6B4D8 /* Config.plist */,
				0A9FD7F42441753E00A6B4D8 /* ConfigDemo-Info.plist */,
				0A9FD7F12441753E00A6B4D8 /* LaunchScreen.storyboard */,
				0A9FD7EF2441753E00A6B4D8 /* Assets.xcassets */,
				0A9FD8042441782300A6B4D8 /* LocalizableStrings */,
			);
			path = Resources;
			sourceTree = "<group>";
		};
		0A9FD7FD2441779100A6B4D8 /* Models */ = {
			isa = PBXGroup;
			children = (
				0A9FD85424417F1500A6B4D8 /* Config.swift */,
			);
			path = Models;
			sourceTree = "<group>";
		};
		0A9FD7FE2441779C00A6B4D8 /* UI */ = {
			isa = PBXGroup;
			children = (
			);
			path = UI;
			sourceTree = "<group>";
		};
		0A9FD7FF244177A300A6B4D8 /* Services */ = {
			isa = PBXGroup;
			children = (
				0A9FD800244177AD00A6B4D8 /* Local */,
				0A9FD801244177B200A6B4D8 /* Remote */,
			);
			path = Services;
			sourceTree = "<group>";
		};
		0A9FD800244177AD00A6B4D8 /* Local */ = {
			isa = PBXGroup;
			children = (
			);
			path = Local;
			sourceTree = "<group>";
		};
		0A9FD801244177B200A6B4D8 /* Remote */ = {
			isa = PBXGroup;
			children = (
			);
			path = Remote;
			sourceTree = "<group>";
		};
		0A9FD802244177C800A6B4D8 /* Other-sources */ = {
			isa = PBXGroup;
			children = (
				0A9FD80B244178E200A6B4D8 /* App-Bridging-Header.h */,
				0A9FD86624418BC400A6B4D8 /* ConfigProperty.swift */,
			);
			path = "Other-sources";
			sourceTree = "<group>";
		};
		0A9FD803244177EC00A6B4D8 /* Dependencies */ = {
			isa = PBXGroup;
			children = (
			);
			path = Dependencies;
			sourceTree = "<group>";
		};
		0A9FD8042441782300A6B4D8 /* LocalizableStrings */ = {
			isa = PBXGroup;
			children = (
				0A9FD8052441782300A6B4D8 /* Localizable.strings */,
				0A9FD8072441782300A6B4D8 /* InfoPlist.strings */,
			);
			path = LocalizableStrings;
			sourceTree = "<group>";
		};
		0A9FD84924417E6600A6B4D8 /* Notifications */ = {
			isa = PBXGroup;
			children = (
				0A9FD84A24417E6600A6B4D8 /* NotificationService.swift */,
				0A9FD84C24417E6600A6B4D8 /* Info.plist */,
			);
			path = Notifications;
			sourceTree = "<group>";
		};
		4BE10323677FE29350B6C7FA /* Pods */ = {
			isa = PBXGroup;
			children = (
				E99C551D70D4DFA7AA7E573E /* Pods-ConfigDemo.debug.xcconfig */,
				21F19971F9CE5831343961DC /* Pods-ConfigDemo.release.xcconfig */,
			);
			path = Pods;
			sourceTree = "<group>";
		};
		D216D8350ACD06710CE0EC21 /* Frameworks */ = {
			isa = PBXGroup;
			children = (
				885ACF1426A745560BCA8797 /* Pods_ConfigDemo.framework */,
			);
			name = Frameworks;
			sourceTree = "<group>";
		};
/* End PBXGroup section */

/* Begin PBXNativeTarget section */
		0A9FD7E22441753B00A6B4D8 /* ConfigDemo */ = {
			isa = PBXNativeTarget;
			buildConfigurationList = 0A9FD7F72441753E00A6B4D8 /* Build configuration list for PBXNativeTarget "ConfigDemo" */;
			buildPhases = (
				A5B9322CF969C54870DE1E18 /* [CP] Check Pods Manifest.lock */,
				0A9FD7DF2441753B00A6B4D8 /* Sources */,
				0A9FD7E02441753B00A6B4D8 /* Frameworks */,
				0A9FD7E12441753B00A6B4D8 /* Resources */,
				7D110A474610AF698B113824 /* [CP] Embed Pods Frameworks */,
				0A9FD85324417E6600A6B4D8 /* Embed App Extensions */,
			);
			buildRules = (
			);
			dependencies = (
				0A9FD84E24417E6600A6B4D8 /* PBXTargetDependency */,
			);
			name = ConfigDemo;
			productName = ConfigDemo;
			productReference = 0A9FD7E32441753B00A6B4D8 /* ConfigDemo.app */;
			productType = "com.apple.product-type.application";
		};
		0A9FD84724417E6600A6B4D8 /* Notifications */ = {
			isa = PBXNativeTarget;
			buildConfigurationList = 0A9FD85024417E6600A6B4D8 /* Build configuration list for PBXNativeTarget "Notifications" */;
			buildPhases = (
				0A9FD84424417E6600A6B4D8 /* Sources */,
				0A9FD84524417E6600A6B4D8 /* Frameworks */,
				0A9FD84624417E6600A6B4D8 /* Resources */,
			);
			buildRules = (
			);
			dependencies = (
			);
			name = Notifications;
			productName = Notifications;
			productReference = 0A9FD84824417E6600A6B4D8 /* Notifications.appex */;
			productType = "com.apple.product-type.app-extension";
		};
/* End PBXNativeTarget section */

/* Begin PBXProject section */
		0A9FD7DB2441753A00A6B4D8 /* Project object */ = {
			isa = PBXProject;
			attributes = {
				LastSwiftUpdateCheck = 1140;
				LastUpgradeCheck = 1140;
				ORGANIZATIONNAME = "Dmitry Klimkin";
				TargetAttributes = {
					0A9FD7E22441753B00A6B4D8 = {
						CreatedOnToolsVersion = 11.4;
					};
					0A9FD84724417E6600A6B4D8 = {
						CreatedOnToolsVersion = 11.4;
					};
				};
			};
			buildConfigurationList = 0A9FD7DE2441753A00A6B4D8 /* Build configuration list for PBXProject "ConfigDemo" */;
			compatibilityVersion = "Xcode 9.3";
			developmentRegion = en;
			hasScannedForEncodings = 0;
			knownRegions = (
				en,
				Base,
			);
			mainGroup = 0A9FD7DA2441753A00A6B4D8;
			productRefGroup = 0A9FD7E42441753B00A6B4D8 /* Products */;
			projectDirPath = "";
			projectRoot = "";
			targets = (
				0A9FD7E22441753B00A6B4D8 /* ConfigDemo */,
				0A9FD84724417E6600A6B4D8 /* Notifications */,
			);
		};
/* End PBXProject section */

/* Begin PBXResourcesBuildPhase section */
		0A9FD7E12441753B00A6B4D8 /* Resources */ = {
			isa = PBXResourcesBuildPhase;
			buildActionMask = 2147483647;
			files = (
				0A9FD7F32441753E00A6B4D8 /* LaunchScreen.storyboard in Resources */,
				0A9FD80A2441782300A6B4D8 /* InfoPlist.strings in Resources */,
				0A9FD8092441782300A6B4D8 /* Localizable.strings in Resources */,
				0A9FD86C24418D4000A6B4D8 /* Config.plist in Resources */,
				0A9FD7F02441753E00A6B4D8 /* Assets.xcassets in Resources */,
			);
			runOnlyForDeploymentPostprocessing = 0;
		};
		0A9FD84624417E6600A6B4D8 /* Resources */ = {
			isa = PBXResourcesBuildPhase;
			buildActionMask = 2147483647;
			files = (
			);
			runOnlyForDeploymentPostprocessing = 0;
		};
/* End PBXResourcesBuildPhase section */

/* Begin PBXShellScriptBuildPhase section */
		7D110A474610AF698B113824 /* [CP] Embed Pods Frameworks */ = {
			isa = PBXShellScriptBuildPhase;
			buildActionMask = 2147483647;
			files = (
			);
			inputFileListPaths = (
				"${PODS_ROOT}/Target Support Files/Pods-ConfigDemo/Pods-ConfigDemo-frameworks-${CONFIGURATION}-input-files.xcfilelist",
			);
			name = "[CP] Embed Pods Frameworks";
			outputFileListPaths = (
				"${PODS_ROOT}/Target Support Files/Pods-ConfigDemo/Pods-ConfigDemo-frameworks-${CONFIGURATION}-output-files.xcfilelist",
			);
			runOnlyForDeploymentPostprocessing = 0;
			shellPath = /bin/sh;
			shellScript = "\"${PODS_ROOT}/Target Support Files/Pods-ConfigDemo/Pods-ConfigDemo-frameworks.sh\"\n";
			showEnvVarsInLog = 0;
		};
		A5B9322CF969C54870DE1E18 /* [CP] Check Pods Manifest.lock */ = {
			isa = PBXShellScriptBuildPhase;
			buildActionMask = 2147483647;
			files = (
			);
			inputFileListPaths = (
			);
			inputPaths = (
				"${PODS_PODFILE_DIR_PATH}/Podfile.lock",
				"${PODS_ROOT}/Manifest.lock",
			);
			name = "[CP] Check Pods Manifest.lock";
			outputFileListPaths = (
			);
			outputPaths = (
				"$(DERIVED_FILE_DIR)/Pods-ConfigDemo-checkManifestLockResult.txt",
			);
			runOnlyForDeploymentPostprocessing = 0;
			shellPath = /bin/sh;
			shellScript = "diff \"${PODS_PODFILE_DIR_PATH}/Podfile.lock\" \"${PODS_ROOT}/Manifest.lock\" > /dev/null\nif [ $? != 0 ] ; then\n    # print error to STDERR\n    echo \"error: The sandbox is not in sync with the Podfile.lock. Run 'pod install' or update your CocoaPods installation.\" >&2\n    exit 1\nfi\n# This output is used by Xcode 'outputs' to avoid re-running this script phase.\necho \"SUCCESS\" > \"${SCRIPT_OUTPUT_FILE_0}\"\n";
			showEnvVarsInLog = 0;
		};
/* End PBXShellScriptBuildPhase section */

/* Begin PBXSourcesBuildPhase section */
		0A9FD7DF2441753B00A6B4D8 /* Sources */ = {
			isa = PBXSourcesBuildPhase;
			buildActionMask = 2147483647;
			files = (
				0A9FD7EB2441753B00A6B4D8 /* ViewController.swift in Sources */,
				0A9FD7E72441753B00A6B4D8 /* AppDelegate.swift in Sources */,
				0A9FD86724418BC400A6B4D8 /* ConfigProperty.swift in Sources */,
				0A9FD85524417F1500A6B4D8 /* Config.swift in Sources */,
			);
			runOnlyForDeploymentPostprocessing = 0;
		};
		0A9FD84424417E6600A6B4D8 /* Sources */ = {
			isa = PBXSourcesBuildPhase;
			buildActionMask = 2147483647;
			files = (
				0A9FD84B24417E6600A6B4D8 /* NotificationService.swift in Sources */,
				0A9FD86B24418BC400A6B4D8 /* ConfigProperty.swift in Sources */,
				0A9FD85924417F1500A6B4D8 /* Config.swift in Sources */,
			);
			runOnlyForDeploymentPostprocessing = 0;
		};
/* End PBXSourcesBuildPhase section */

/* Begin PBXTargetDependency section */
		0A9FD84E24417E6600A6B4D8 /* PBXTargetDependency */ = {
			isa = PBXTargetDependency;
			target = 0A9FD84724417E6600A6B4D8 /* Notifications */;
			targetProxy = 0A9FD84D24417E6600A6B4D8 /* PBXContainerItemProxy */;
		};
/* End PBXTargetDependency section */

/* Begin PBXVariantGroup section */
		0A9FD7F12441753E00A6B4D8 /* LaunchScreen.storyboard */ = {
			isa = PBXVariantGroup;
			children = (
				0A9FD7F22441753E00A6B4D8 /* Base */,
			);
			name = LaunchScreen.storyboard;
			sourceTree = "<group>";
		};
		0A9FD8052441782300A6B4D8 /* Localizable.strings */ = {
			isa = PBXVariantGroup;
			children = (
				0A9FD8062441782300A6B4D8 /* en */,
			);
			name = Localizable.strings;
			sourceTree = "<group>";
		};
		0A9FD8072441782300A6B4D8 /* InfoPlist.strings */ = {
			isa = PBXVariantGroup;
			children = (
				0A9FD8082441782300A6B4D8 /* en */,
			);
			name = InfoPlist.strings;
			sourceTree = "<group>";
		};
/* End PBXVariantGroup section */

/* Begin XCBuildConfiguration section */
		0A9FD7F52441753E00A6B4D8 /* Debug */ = {
			isa = XCBuildConfiguration;
			buildSettings = {
				ALWAYS_SEARCH_USER_PATHS = NO;
				CLANG_ANALYZER_NONNULL = YES;
				CLANG_ANALYZER_NUMBER_OBJECT_CONVERSION = YES_AGGRESSIVE;
				CLANG_CXX_LANGUAGE_STANDARD = "gnu++14";
				CLANG_CXX_LIBRARY = "libc++";
				CLANG_ENABLE_MODULES = YES;
				CLANG_ENABLE_OBJC_ARC = YES;
				CLANG_ENABLE_OBJC_WEAK = YES;
				CLANG_WARN_BLOCK_CAPTURE_AUTORELEASING = YES;
				CLANG_WARN_BOOL_CONVERSION = YES;
				CLANG_WARN_COMMA = YES;
				CLANG_WARN_CONSTANT_CONVERSION = YES;
				CLANG_WARN_DEPRECATED_OBJC_IMPLEMENTATIONS = YES;
				CLANG_WARN_DIRECT_OBJC_ISA_USAGE = YES_ERROR;
				CLANG_WARN_DOCUMENTATION_COMMENTS = YES;
				CLANG_WARN_EMPTY_BODY = YES;
				CLANG_WARN_ENUM_CONVERSION = YES;
				CLANG_WARN_INFINITE_RECURSION = YES;
				CLANG_WARN_INT_CONVERSION = YES;
				CLANG_WARN_NON_LITERAL_NULL_CONVERSION = YES;
				CLANG_WARN_OBJC_IMPLICIT_RETAIN_SELF = YES;
				CLANG_WARN_OBJC_LITERAL_CONVERSION = YES;
				CLANG_WARN_OBJC_ROOT_CLASS = YES_ERROR;
				CLANG_WARN_RANGE_LOOP_ANALYSIS = YES;
				CLANG_WARN_STRICT_PROTOTYPES = YES;
				CLANG_WARN_SUSPICIOUS_MOVE = YES;
				CLANG_WARN_UNGUARDED_AVAILABILITY = YES_AGGRESSIVE;
				CLANG_WARN_UNREACHABLE_CODE = YES;
				CLANG_WARN__DUPLICATE_METHOD_MATCH = YES;
				COPY_PHASE_STRIP = NO;
				DEBUG_INFORMATION_FORMAT = dwarf;
				ENABLE_STRICT_OBJC_MSGSEND = YES;
				ENABLE_TESTABILITY = YES;
				GCC_C_LANGUAGE_STANDARD = gnu11;
				GCC_DYNAMIC_NO_PIC = NO;
				GCC_NO_COMMON_BLOCKS = YES;
				GCC_OPTIMIZATION_LEVEL = 0;
				GCC_PREPROCESSOR_DEFINITIONS = (
					"DEBUG=1",
					"$(inherited)",
				);
				GCC_WARN_64_TO_32_BIT_CONVERSION = YES;
				GCC_WARN_ABOUT_RETURN_TYPE = YES_ERROR;
				GCC_WARN_UNDECLARED_SELECTOR = YES;
				GCC_WARN_UNINITIALIZED_AUTOS = YES_AGGRESSIVE;
				GCC_WARN_UNUSED_FUNCTION = YES;
				GCC_WARN_UNUSED_VARIABLE = YES;
				IPHONEOS_DEPLOYMENT_TARGET = 13.4;
				MTL_ENABLE_DEBUG_INFO = INCLUDE_SOURCE;
				MTL_FAST_MATH = YES;
				ONLY_ACTIVE_ARCH = YES;
				SDKROOT = iphoneos;
				SWIFT_ACTIVE_COMPILATION_CONDITIONS = DEBUG;
				SWIFT_OPTIMIZATION_LEVEL = "-Onone";
			};
			name = Debug;
		};
		0A9FD7F62441753E00A6B4D8 /* Release */ = {
			isa = XCBuildConfiguration;
			buildSettings = {
				ALWAYS_SEARCH_USER_PATHS = NO;
				CLANG_ANALYZER_NONNULL = YES;
				CLANG_ANALYZER_NUMBER_OBJECT_CONVERSION = YES_AGGRESSIVE;
				CLANG_CXX_LANGUAGE_STANDARD = "gnu++14";
				CLANG_CXX_LIBRARY = "libc++";
				CLANG_ENABLE_MODULES = YES;
				CLANG_ENABLE_OBJC_ARC = YES;
				CLANG_ENABLE_OBJC_WEAK = YES;
				CLANG_WARN_BLOCK_CAPTURE_AUTORELEASING = YES;
				CLANG_WARN_BOOL_CONVERSION = YES;
				CLANG_WARN_COMMA = YES;
				CLANG_WARN_CONSTANT_CONVERSION = YES;
				CLANG_WARN_DEPRECATED_OBJC_IMPLEMENTATIONS = YES;
				CLANG_WARN_DIRECT_OBJC_ISA_USAGE = YES_ERROR;
				CLANG_WARN_DOCUMENTATION_COMMENTS = YES;
				CLANG_WARN_EMPTY_BODY = YES;
				CLANG_WARN_ENUM_CONVERSION = YES;
				CLANG_WARN_INFINITE_RECURSION = YES;
				CLANG_WARN_INT_CONVERSION = YES;
				CLANG_WARN_NON_LITERAL_NULL_CONVERSION = YES;
				CLANG_WARN_OBJC_IMPLICIT_RETAIN_SELF = YES;
				CLANG_WARN_OBJC_LITERAL_CONVERSION = YES;
				CLANG_WARN_OBJC_ROOT_CLASS = YES_ERROR;
				CLANG_WARN_RANGE_LOOP_ANALYSIS = YES;
				CLANG_WARN_STRICT_PROTOTYPES = YES;
				CLANG_WARN_SUSPICIOUS_MOVE = YES;
				CLANG_WARN_UNGUARDED_AVAILABILITY = YES_AGGRESSIVE;
				CLANG_WARN_UNREACHABLE_CODE = YES;
				CLANG_WARN__DUPLICATE_METHOD_MATCH = YES;
				COPY_PHASE_STRIP = NO;
				DEBUG_INFORMATION_FORMAT = "dwarf-with-dsym";
				ENABLE_NS_ASSERTIONS = NO;
				ENABLE_STRICT_OBJC_MSGSEND = YES;
				GCC_C_LANGUAGE_STANDARD = gnu11;
				GCC_NO_COMMON_BLOCKS = YES;
				GCC_WARN_64_TO_32_BIT_CONVERSION = YES;
				GCC_WARN_ABOUT_RETURN_TYPE = YES_ERROR;
				GCC_WARN_UNDECLARED_SELECTOR = YES;
				GCC_WARN_UNINITIALIZED_AUTOS = YES_AGGRESSIVE;
				GCC_WARN_UNUSED_FUNCTION = YES;
				GCC_WARN_UNUSED_VARIABLE = YES;
				IPHONEOS_DEPLOYMENT_TARGET = 13.4;
				MTL_ENABLE_DEBUG_INFO = NO;
				MTL_FAST_MATH = YES;
				SDKROOT = iphoneos;
				SWIFT_COMPILATION_MODE = wholemodule;
				SWIFT_OPTIMIZATION_LEVEL = "-O";
				VALIDATE_PRODUCT = YES;
			};
			name = Release;
		};
		0A9FD7F82441753E00A6B4D8 /* Debug */ = {
			isa = XCBuildConfiguration;
			baseConfigurationReference = E99C551D70D4DFA7AA7E573E /* Pods-ConfigDemo.debug.xcconfig */;
			buildSettings = {
				ALWAYS_EMBED_SWIFT_STANDARD_LIBRARIES = YES;
				ASSETCATALOG_COMPILER_APPICON_NAME = AppIcon;
				CODE_SIGN_STYLE = Automatic;
				DEVELOPMENT_TEAM = 7HCL9D4WBY;
				INFOPLIST_FILE = "ConfigDemo/Resources/ConfigDemo-Info.plist";
				LD_RUNPATH_SEARCH_PATHS = (
					"$(inherited)",
					"@executable_path/Frameworks",
				);
				PRODUCT_BUNDLE_IDENTIFIER = au.com.cocoaheads.ConfigDemo;
				PRODUCT_NAME = "$(TARGET_NAME)";
				SWIFT_OBJC_BRIDGING_HEADER = "$(SRCROOT)/ConfigDemo/Other-Sources/App-Bridging-Header.h";
				SWIFT_VERSION = 5.0;
				TARGETED_DEVICE_FAMILY = 1;
			};
			name = Debug;
		};
		0A9FD7F92441753E00A6B4D8 /* Release */ = {
			isa = XCBuildConfiguration;
			baseConfigurationReference = 21F19971F9CE5831343961DC /* Pods-ConfigDemo.release.xcconfig */;
			buildSettings = {
				ALWAYS_EMBED_SWIFT_STANDARD_LIBRARIES = YES;
				ASSETCATALOG_COMPILER_APPICON_NAME = AppIcon;
				CODE_SIGN_STYLE = Automatic;
				DEVELOPMENT_TEAM = 7HCL9D4WBY;
				INFOPLIST_FILE = "ConfigDemo/Resources/ConfigDemo-Info.plist";
				LD_RUNPATH_SEARCH_PATHS = (
					"$(inherited)",
					"@executable_path/Frameworks",
				);
				PRODUCT_BUNDLE_IDENTIFIER = au.com.cocoaheads.ConfigDemo;
				PRODUCT_NAME = "$(TARGET_NAME)";
				SWIFT_OBJC_BRIDGING_HEADER = "$(SRCROOT)/ConfigDemo/Other-Sources/App-Bridging-Header.h";
				SWIFT_VERSION = 5.0;
				TARGETED_DEVICE_FAMILY = 1;
			};
			name = Release;
		};
		0A9FD85124417E6600A6B4D8 /* Debug */ = {
			isa = XCBuildConfiguration;
			buildSettings = {
				CODE_SIGN_STYLE = Automatic;
				DEVELOPMENT_TEAM = 7HCL9D4WBY;
				INFOPLIST_FILE = Notifications/Info.plist;
				LD_RUNPATH_SEARCH_PATHS = (
					"$(inherited)",
					"@executable_path/Frameworks",
					"@executable_path/../../Frameworks",
				);
				PRODUCT_BUNDLE_IDENTIFIER = "au.com.cocoaheads.ConfigDemo-dev.Notifications";
				PRODUCT_NAME = "$(TARGET_NAME)";
				SKIP_INSTALL = YES;
				SWIFT_VERSION = 5.0;
				TARGETED_DEVICE_FAMILY = 1;
			};
			name = Debug;
		};
		0A9FD85224417E6600A6B4D8 /* Release */ = {
			isa = XCBuildConfiguration;
			buildSettings = {
				CODE_SIGN_STYLE = Automatic;
				DEVELOPMENT_TEAM = 7HCL9D4WBY;
				INFOPLIST_FILE = Notifications/Info.plist;
				LD_RUNPATH_SEARCH_PATHS = (
					"$(inherited)",
					"@executable_path/Frameworks",
					"@executable_path/../../Frameworks",
				);
				PRODUCT_BUNDLE_IDENTIFIER = "au.com.cocoaheads.ConfigDemo-dev.Notifications";
				PRODUCT_NAME = "$(TARGET_NAME)";
				SKIP_INSTALL = YES;
				SWIFT_VERSION = 5.0;
				TARGETED_DEVICE_FAMILY = 1;
			};
			name = Release;
		};
/* End XCBuildConfiguration section */

/* Begin XCConfigurationList section */
		0A9FD7DE2441753A00A6B4D8 /* Build configuration list for PBXProject "ConfigDemo" */ = {
			isa = XCConfigurationList;
			buildConfigurations = (
				0A9FD7F52441753E00A6B4D8 /* Debug */,
				0A9FD7F62441753E00A6B4D8 /* Release */,
			);
			defaultConfigurationIsVisible = 0;
			defaultConfigurationName = Release;
		};
		0A9FD7F72441753E00A6B4D8 /* Build configuration list for PBXNativeTarget "ConfigDemo" */ = {
			isa = XCConfigurationList;
			buildConfigurations = (
				0A9FD7F82441753E00A6B4D8 /* Debug */,
				0A9FD7F92441753E00A6B4D8 /* Release */,
			);
			defaultConfigurationIsVisible = 0;
			defaultConfigurationName = Release;
		};
		0A9FD85024417E6600A6B4D8 /* Build configuration list for PBXNativeTarget "Notifications" */ = {
			isa = XCConfigurationList;
			buildConfigurations = (
				0A9FD85124417E6600A6B4D8 /* Debug */,
				0A9FD85224417E6600A6B4D8 /* Release */,
			);
			defaultConfigurationIsVisible = 0;
			defaultConfigurationName = Release;
		};
/* End XCConfigurationList section */
	};
	rootObject = 0A9FD7DB2441753A00A6B4D8 /* Project object */;
}
